
Microsoft Visual Studio Solution File, Format Version 12.00
# Visual Studio Version 17
VisualStudioVersion = 17.7.34024.191
MinimumVisualStudioVersion = 10.0.40219.1
Project("{FAE04EC0-301F-11D3-BF4B-00C04F79EFBC}") = "HathatulGameClient", "GameClient\HathatulGameClient.csproj", "{45583F91-B7A6-4604-A563-0316863BFD87}"
EndProject
Global
	GlobalSection(SolutionConfigurationPlatforms) = preSolution
		Debug|Any CPU = Debug|Any CPU
		Release|Any CPU = Release|Any CPU
	EndGlobalSection
	GlobalSection(ProjectConfigurationPlatforms) = postSolution
		{45583F91-B7A6-4604-A563-0316863BFD87}.Debug|Any CPU.ActiveCfg = Debug|Any CPU
		{45583F91-B7A6-4604-A563-0316863BFD87}.Debug|Any CPU.Build.0 = Debug|Any CPU
		{45583F91-B7A6-4604-A563-0316863BFD87}.Release|Any CPU.ActiveCfg = Release|Any CPU
		{45583F91-B7A6-4604-A563-0316863BFD87}.Release|Any CPU.Build.0 = Release|Any CPU
	EndGlobalSection
	GlobalSection(SolutionProperties) = preSolution
		HideSolutionNode = FALSE
	EndGlobalSection
	GlobalSection(ExtensibilityGlobals) = postSolution
		SolutionGuid = {8E87D17F-36F2-4F94-9626-EB66AF447E4C}
	EndGlobalSection
EndGlobal
